
Microsoft Visual Studio Solution File, Format Version 12.00
# Visual Studio Version 17
VisualStudioVersion = 17.10.35013.160
MinimumVisualStudioVersion = 10.0.40219.1
Project("{9A19103F-16F7-4668-BE54-9A1E7A4F7556}") = "MagicVilla_VillaAPI", "MagicVilla_VillaAPI\MagicVilla_VillaAPI.csproj", "{30BAC32B-B504-4208-94DF-B00C05DD6D9D}"
EndProject
Project("{9A19103F-16F7-4668-BE54-9A1E7A4F7556}") = "MagicVilla_Web", "MagicVilla_Web\MagicVilla_Web.csproj", "{FEBCFC53-299D-446E-96AD-74C8EBCC4906}"
EndProject
Project("{FAE04EC0-301F-11D3-BF4B-00C04F79EFBC}") = "MagicVilla_Utility", "MagicVilla_Utility\MagicVilla_Utility.csproj", "{A5106673-C250-4985-B6F7-69AF3E940F3C}"
EndProject
Global
	GlobalSection(SolutionConfigurationPlatforms) = preSolution
		Debug|Any CPU = Debug|Any CPU
		Release|Any CPU = Release|Any CPU
	EndGlobalSection
	GlobalSection(ProjectConfigurationPlatforms) = postSolution
		{30BAC32B-B504-4208-94DF-B00C05DD6D9D}.Debug|Any CPU.ActiveCfg = Debug|Any CPU
		{30BAC32B-B504-4208-94DF-B00C05DD6D9D}.Debug|Any CPU.Build.0 = Debug|Any CPU
		{30BAC32B-B504-4208-94DF-B00C05DD6D9D}.Release|Any CPU.ActiveCfg = Release|Any CPU
		{30BAC32B-B504-4208-94DF-B00C05DD6D9D}.Release|Any CPU.Build.0 = Release|Any CPU
		{FEBCFC53-299D-446E-96AD-74C8EBCC4906}.Debug|Any CPU.ActiveCfg = Debug|Any CPU
		{FEBCFC53-299D-446E-96AD-74C8EBCC4906}.Debug|Any CPU.Build.0 = Debug|Any CPU
		{FEBCFC53-299D-446E-96AD-74C8EBCC4906}.Release|Any CPU.ActiveCfg = Release|Any CPU
		{FEBCFC53-299D-446E-96AD-74C8EBCC4906}.Release|Any CPU.Build.0 = Release|Any CPU
		{A5106673-C250-4985-B6F7-69AF3E940F3C}.Debug|Any CPU.ActiveCfg = Debug|Any CPU
		{A5106673-C250-4985-B6F7-69AF3E940F3C}.Debug|Any CPU.Build.0 = Debug|Any CPU
		{A5106673-C250-4985-B6F7-69AF3E940F3C}.Release|Any CPU.ActiveCfg = Release|Any CPU
		{A5106673-C250-4985-B6F7-69AF3E940F3C}.Release|Any CPU.Build.0 = Release|Any CPU
	EndGlobalSection
	GlobalSection(SolutionProperties) = preSolution
		HideSolutionNode = FALSE
	EndGlobalSection
	GlobalSection(ExtensibilityGlobals) = postSolution
		SolutionGuid = {E8FBFA4B-5077-49FD-8078-91C4BF164595}
	EndGlobalSection
EndGlobal
